dependencies:
- name: traefik
  repository: https://traefik.github.io/charts
  version: 28.0.0
- name: argo-cd
  repository: https://argoproj.github.io/argo-helm
  version: 7.4.3
digest: sha256:62ac1f4c84cde70a31296eabaed18680878cf9e61f31bc987d2f29a12d140f5c
generated: "2025-11-11T16:37:22.171434796+05:30"
